// !$*UTF8*$!
{
	archiveVersion = 1;
	classes = {
	};
	objectVersion = 56;
	objects = {

/* Begin PBXBuildFile section */
		391EFFB52A42344100431BC0 /* tca_issueApp.swift in Sources */ = {isa = PBXBuildFile; fileRef = 391EFFB42A42344100431BC0 /* tca_issueApp.swift */; };
		391EFFB92A42344300431BC0 /* Assets.xcassets in Resources */ = {isa = PBXBuildFile; fileRef = 391EFFB82A42344300431BC0 /* Assets.xcassets */; };
		391EFFBC2A42344300431BC0 /* Preview Assets.xcassets in Resources */ = {isa = PBXBuildFile; fileRef = 391EFFBB2A42344300431BC0 /* Preview Assets.xcassets */; };
		391EFFC42A42351400431BC0 /* ComposableArchitecture in Frameworks */ = {isa = PBXBuildFile; productRef = 391EFFC32A42351400431BC0 /* ComposableArchitecture */; };
		391EFFC62A4235AB00431BC0 /* AppView.swift in Sources */ = {isa = PBXBuildFile; fileRef = 391EFFC52A4235AB00431BC0 /* AppView.swift */; };
		391EFFC82A42366600431BC0 /* ItemListFeature.swift in Sources */ = {isa = PBXBuildFile; fileRef = 391EFFC72A42366600431BC0 /* ItemListFeature.swift */; };
		391EFFCA2A42386300431BC0 /* ItemListView.swift in Sources */ = {isa = PBXBuildFile; fileRef = 391EFFC92A42386300431BC0 /* ItemListView.swift */; };
		391EFFCC2A423D7B00431BC0 /* ItemDetailFeature.swift in Sources */ = {isa = PBXBuildFile; fileRef = 391EFFCB2A423D7B00431BC0 /* ItemDetailFeature.swift */; };
		391EFFCE2A423DB500431BC0 /* ItemDetailView.swift in Sources */ = {isa = PBXBuildFile; fileRef = 391EFFCD2A423DB500431BC0 /* ItemDetailView.swift */; };
		391EFFD02A4240F500431BC0 /* AppViewSUI.swift in Sources */ = {isa = PBXBuildFile; fileRef = 391EFFCF2A4240F500431BC0 /* AppViewSUI.swift */; };
		391EFFD22A42414400431BC0 /* ItemListViewSUI.swift in Sources */ = {isa = PBXBuildFile; fileRef = 391EFFD12A42414400431BC0 /* ItemListViewSUI.swift */; };
		391EFFD42A42419D00431BC0 /* ItemDetailViewSUI.swift in Sources */ = {isa = PBXBuildFile; fileRef = 391EFFD32A42419D00431BC0 /* ItemDetailViewSUI.swift */; };
/* End PBXBuildFile section */

/* Begin PBXFileReference section */
		391EFFB12A42344100431BC0 /* tca-issue.app */ = {isa = PBXFileReference; explicitFileType = wrapper.application; includeInIndex = 0; path = "tca-issue.app"; sourceTree = BUILT_PRODUCTS_DIR; };
		391EFFB42A42344100431BC0 /* tca_issueApp.swift */ = {isa = PBXFileReference; lastKnownFileType = sourcecode.swift; path = tca_issueApp.swift; sourceTree = "<group>"; };
		391EFFB82A42344300431BC0 /* Assets.xcassets */ = {isa = PBXFileReference; lastKnownFileType = folder.assetcatalog; path = Assets.xcassets; sourceTree = "<group>"; };
		391EFFBB2A42344300431BC0 /* Preview Assets.xcassets */ = {isa = PBXFileReference; lastKnownFileType = folder.assetcatalog; path = "Preview Assets.xcassets"; sourceTree = "<group>"; };
		391EFFC52A4235AB00431BC0 /* AppView.swift */ = {isa = PBXFileReference; lastKnownFileType = sourcecode.swift; path = AppView.swift; sourceTree = "<group>"; };
		391EFFC72A42366600431BC0 /* ItemListFeature.swift */ = {isa = PBXFileReference; lastKnownFileType = sourcecode.swift; path = ItemListFeature.swift; sourceTree = "<group>"; };
		391EFFC92A42386300431BC0 /* ItemListView.swift */ = {isa = PBXFileReference; lastKnownFileType = sourcecode.swift; path = ItemListView.swift; sourceTree = "<group>"; };
		391EFFCB2A423D7B00431BC0 /* ItemDetailFeature.swift */ = {isa = PBXFileReference; lastKnownFileType = sourcecode.swift; path = ItemDetailFeature.swift; sourceTree = "<group>"; };
		391EFFCD2A423DB500431BC0 /* ItemDetailView.swift */ = {isa = PBXFileReference; lastKnownFileType = sourcecode.swift; path = ItemDetailView.swift; sourceTree = "<group>"; };
		391EFFCF2A4240F500431BC0 /* AppViewSUI.swift */ = {isa = PBXFileReference; lastKnownFileType = sourcecode.swift; path = AppViewSUI.swift; sourceTree = "<group>"; };
		391EFFD12A42414400431BC0 /* ItemListViewSUI.swift */ = {isa = PBXFileReference; lastKnownFileType = sourcecode.swift; path = ItemListViewSUI.swift; sourceTree = "<group>"; };
		391EFFD32A42419D00431BC0 /* ItemDetailViewSUI.swift */ = {isa = PBXFileReference; lastKnownFileType = sourcecode.swift; path = ItemDetailViewSUI.swift; sourceTree = "<group>"; };
/* End PBXFileReference section */

/* Begin PBXFrameworksBuildPhase section */
		391EFFAE2A42344100431BC0 /* Frameworks */ = {
			isa = PBXFrameworksBuildPhase;
			buildActionMask = 2147483647;
			files = (
				391EFFC42A42351400431BC0 /* ComposableArchitecture in Frameworks */,
			);
			runOnlyForDeploymentPostprocessing = 0;
		};
/* End PBXFrameworksBuildPhase section */

/* Begin PBXGroup section */
		391EFFA82A42344100431BC0 = {
			isa = PBXGroup;
			children = (
				391EFFB32A42344100431BC0 /* tca-issue */,
				391EFFB22A42344100431BC0 /* Products */,
			);
			sourceTree = "<group>";
		};
		391EFFB22A42344100431BC0 /* Products */ = {
			isa = PBXGroup;
			children = (
				391EFFB12A42344100431BC0 /* tca-issue.app */,
			);
			name = Products;
			sourceTree = "<group>";
		};
		391EFFB32A42344100431BC0 /* tca-issue */ = {
			isa = PBXGroup;
			children = (
				391EFFB42A42344100431BC0 /* tca_issueApp.swift */,
				391EFFC72A42366600431BC0 /* ItemListFeature.swift */,
				391EFFC52A4235AB00431BC0 /* AppView.swift */,
				391EFFC92A42386300431BC0 /* ItemListView.swift */,
				391EFFCF2A4240F500431BC0 /* AppViewSUI.swift */,
				391EFFD12A42414400431BC0 /* ItemListViewSUI.swift */,
				391EFFD32A42419D00431BC0 /* ItemDetailViewSUI.swift */,
				391EFFCB2A423D7B00431BC0 /* ItemDetailFeature.swift */,
				391EFFCD2A423DB500431BC0 /* ItemDetailView.swift */,
				391EFFB82A42344300431BC0 /* Assets.xcassets */,
				391EFFBA2A42344300431BC0 /* Preview Content */,
			);
			path = "tca-issue";
			sourceTree = "<group>";
		};
		391EFFBA2A42344300431BC0 /* Preview Content */ = {
			isa = PBXGroup;
			children = (
				391EFFBB2A42344300431BC0 /* Preview Assets.xcassets */,
			);
			path = "Preview Content";
			sourceTree = "<group>";
		};
/* End PBXGroup section */

/* Begin PBXNativeTarget section */
		391EFFB02A42344100431BC0 /* tca-issue */ = {
			isa = PBXNativeTarget;
			buildConfigurationList = 391EFFBF2A42344300431BC0 /* Build configuration list for PBXNativeTarget "tca-issue" */;
			buildPhases = (
				391EFFAD2A42344100431BC0 /* Sources */,
				391EFFAE2A42344100431BC0 /* Frameworks */,
				391EFFAF2A42344100431BC0 /* Resources */,
			);
			buildRules = (
			);
			dependencies = (
			);
			name = "tca-issue";
			packageProductDependencies = (
				391EFFC32A42351400431BC0 /* ComposableArchitecture */,
			);
			productName = "tca-issue";
			productReference = 391EFFB12A42344100431BC0 /* tca-issue.app */;
			productType = "com.apple.product-type.application";
		};
/* End PBXNativeTarget section */

/* Begin PBXProject section */
		391EFFA92A42344100431BC0 /* Project object */ = {
			isa = PBXProject;
			attributes = {
				BuildIndependentTargetsInParallel = 1;
				LastSwiftUpdateCheck = 1430;
				LastUpgradeCheck = 1430;
				TargetAttributes = {
					391EFFB02A42344100431BC0 = {
						CreatedOnToolsVersion = 14.3;
					};
				};
			};
			buildConfigurationList = 391EFFAC2A42344100431BC0 /* Build configuration list for PBXProject "tca-issue" */;
			compatibilityVersion = "Xcode 14.0";
			developmentRegion = en;
			hasScannedForEncodings = 0;
			knownRegions = (
				en,
				Base,
			);
			mainGroup = 391EFFA82A42344100431BC0;
			packageReferences = (
				391EFFC22A42351400431BC0 /* XCRemoteSwiftPackageReference "swift-composable-architecture" */,
			);
			productRefGroup = 391EFFB22A42344100431BC0 /* Products */;
			projectDirPath = "";
			projectRoot = "";
			targets = (
				391EFFB02A42344100431BC0 /* tca-issue */,
			);
		};
/* End PBXProject section */

/* Begin PBXResourcesBuildPhase section */
		391EFFAF2A42344100431BC0 /* Resources */ = {
			isa = PBXResourcesBuildPhase;
			buildActionMask = 2147483647;
			files = (
				391EFFBC2A42344300431BC0 /* Preview Assets.xcassets in Resources */,
				391EFFB92A42344300431BC0 /* Assets.xcassets in Resources */,
			);
			runOnlyForDeploymentPostprocessing = 0;
		};
/* End PBXResourcesBuildPhase section */

/* Begin PBXSourcesBuildPhase section */
		391EFFAD2A42344100431BC0 /* Sources */ = {
			isa = PBXSourcesBuildPhase;
			buildActionMask = 2147483647;
			files = (
				391EFFCE2A423DB500431BC0 /* ItemDetailView.swift in Sources */,
				391EFFD02A4240F500431BC0 /* AppViewSUI.swift in Sources */,
				391EFFD42A42419D00431BC0 /* ItemDetailViewSUI.swift in Sources */,
				391EFFC82A42366600431BC0 /* ItemListFeature.swift in Sources */,
				391EFFB52A42344100431BC0 /* tca_issueApp.swift in Sources */,
				391EFFCC2A423D7B00431BC0 /* ItemDetailFeature.swift in Sources */,
				391EFFC62A4235AB00431BC0 /* AppView.swift in Sources */,
				391EFFCA2A42386300431BC0 /* ItemListView.swift in Sources */,
				391EFFD22A42414400431BC0 /* ItemListViewSUI.swift in Sources */,
			);
			runOnlyForDeploymentPostprocessing = 0;
		};
/* End PBXSourcesBuildPhase section */

/* Begin XCBuildConfiguration section */
		391EFFBD2A42344300431BC0 /* Debug */ = {
			isa = XCBuildConfiguration;
			buildSettings = {
				ALWAYS_SEARCH_USER_PATHS = NO;
				CLANG_ANALYZER_NONNULL = YES;
				CLANG_ANALYZER_NUMBER_OBJECT_CONVERSION = YES_AGGRESSIVE;
				CLANG_CXX_LANGUAGE_STANDARD = "gnu++20";
				CLANG_ENABLE_MODULES = YES;
				CLANG_ENABLE_OBJC_ARC = YES;
				CLANG_ENABLE_OBJC_WEAK = YES;
				CLANG_WARN_BLOCK_CAPTURE_AUTORELEASING = YES;
				CLANG_WARN_BOOL_CONVERSION = YES;
				CLANG_WARN_COMMA = YES;
				CLANG_WARN_CONSTANT_CONVERSION = YES;
				CLANG_WARN_DEPRECATED_OBJC_IMPLEMENTATIONS = YES;
				CLANG_WARN_DIRECT_OBJC_ISA_USAGE = YES_ERROR;
				CLANG_WARN_DOCUMENTATION_COMMENTS = YES;
				CLANG_WARN_EMPTY_BODY = YES;
				CLANG_WARN_ENUM_CONVERSION = YES;
				CLANG_WARN_INFINITE_RECURSION = YES;
				CLANG_WARN_INT_CONVERSION = YES;
				CLANG_WARN_NON_LITERAL_NULL_CONVERSION = YES;
				CLANG_WARN_OBJC_IMPLICIT_RETAIN_SELF = YES;
				CLANG_WARN_OBJC_LITERAL_CONVERSION = YES;
				CLANG_WARN_OBJC_ROOT_CLASS = YES_ERROR;
				CLANG_WARN_QUOTED_INCLUDE_IN_FRAMEWORK_HEADER = YES;
				CLANG_WARN_RANGE_LOOP_ANALYSIS = YES;
				CLANG_WARN_STRICT_PROTOTYPES = YES;
				CLANG_WARN_SUSPICIOUS_MOVE = YES;
				CLANG_WARN_UNGUARDED_AVAILABILITY = YES_AGGRESSIVE;
				CLANG_WARN_UNREACHABLE_CODE = YES;
				CLANG_WARN__DUPLICATE_METHOD_MATCH = YES;
				COPY_PHASE_STRIP = NO;
				DEBUG_INFORMATION_FORMAT = dwarf;
				ENABLE_STRICT_OBJC_MSGSEND = YES;
				ENABLE_TESTABILITY = YES;
				GCC_C_LANGUAGE_STANDARD = gnu11;
				GCC_DYNAMIC_NO_PIC = NO;
				GCC_NO_COMMON_BLOCKS = YES;
				GCC_OPTIMIZATION_LEVEL = 0;
				GCC_PREPROCESSOR_DEFINITIONS = (
					"DEBUG=1",
					"$(inherited)",
				);
				GCC_WARN_64_TO_32_BIT_CONVERSION = YES;
				GCC_WARN_ABOUT_RETURN_TYPE = YES_ERROR;
				GCC_WARN_UNDECLARED_SELECTOR = YES;
				GCC_WARN_UNINITIALIZED_AUTOS = YES_AGGRESSIVE;
				GCC_WARN_UNUSED_FUNCTION = YES;
				GCC_WARN_UNUSED_VARIABLE = YES;
				IPHONEOS_DEPLOYMENT_TARGET = 16.4;
				MTL_ENABLE_DEBUG_INFO = INCLUDE_SOURCE;
				MTL_FAST_MATH = YES;
				ONLY_ACTIVE_ARCH = YES;
				SDKROOT = iphoneos;
				SWIFT_ACTIVE_COMPILATION_CONDITIONS = DEBUG;
				SWIFT_OPTIMIZATION_LEVEL = "-Onone";
			};
			name = Debug;
		};
		391EFFBE2A42344300431BC0 /* Release */ = {
			isa = XCBuildConfiguration;
			buildSettings = {
				ALWAYS_SEARCH_USER_PATHS = NO;
				CLANG_ANALYZER_NONNULL = YES;
				CLANG_ANALYZER_NUMBER_OBJECT_CONVERSION = YES_AGGRESSIVE;
				CLANG_CXX_LANGUAGE_STANDARD = "gnu++20";
				CLANG_ENABLE_MODULES = YES;
				CLANG_ENABLE_OBJC_ARC = YES;
				CLANG_ENABLE_OBJC_WEAK = YES;
				CLANG_WARN_BLOCK_CAPTURE_AUTORELEASING = YES;
				CLANG_WARN_BOOL_CONVERSION = YES;
				CLANG_WARN_COMMA = YES;
				CLANG_WARN_CONSTANT_CONVERSION = YES;
				CLANG_WARN_DEPRECATED_OBJC_IMPLEMENTATIONS = YES;
				CLANG_WARN_DIRECT_OBJC_ISA_USAGE = YES_ERROR;
				CLANG_WARN_DOCUMENTATION_COMMENTS = YES;
				CLANG_WARN_EMPTY_BODY = YES;
				CLANG_WARN_ENUM_CONVERSION = YES;
				CLANG_WARN_INFINITE_RECURSION = YES;
				CLANG_WARN_INT_CONVERSION = YES;
				CLANG_WARN_NON_LITERAL_NULL_CONVERSION = YES;
				CLANG_WARN_OBJC_IMPLICIT_RETAIN_SELF = YES;
				CLANG_WARN_OBJC_LITERAL_CONVERSION = YES;
				CLANG_WARN_OBJC_ROOT_CLASS = YES_ERROR;
				CLANG_WARN_QUOTED_INCLUDE_IN_FRAMEWORK_HEADER = YES;
				CLANG_WARN_RANGE_LOOP_ANALYSIS = YES;
				CLANG_WARN_STRICT_PROTOTYPES = YES;
				CLANG_WARN_SUSPICIOUS_MOVE = YES;
				CLANG_WARN_UNGUARDED_AVAILABILITY = YES_AGGRESSIVE;
				CLANG_WARN_UNREACHABLE_CODE = YES;
				CLANG_WARN__DUPLICATE_METHOD_MATCH = YES;
				COPY_PHASE_STRIP = NO;
				DEBUG_INFORMATION_FORMAT = "dwarf-with-dsym";
				ENABLE_NS_ASSERTIONS = NO;
				ENABLE_STRICT_OBJC_MSGSEND = YES;
				GCC_C_LANGUAGE_STANDARD = gnu11;
				GCC_NO_COMMON_BLOCKS = YES;
				GCC_WARN_64_TO_32_BIT_CONVERSION = YES;
				GCC_WARN_ABOUT_RETURN_TYPE = YES_ERROR;
				GCC_WARN_UNDECLARED_SELECTOR = YES;
				GCC_WARN_UNINITIALIZED_AUTOS = YES_AGGRESSIVE;
				GCC_WARN_UNUSED_FUNCTION = YES;
				GCC_WARN_UNUSED_VARIABLE = YES;
				IPHONEOS_DEPLOYMENT_TARGET = 16.4;
				MTL_ENABLE_DEBUG_INFO = NO;
				MTL_FAST_MATH = YES;
				SDKROOT = iphoneos;
				SWIFT_COMPILATION_MODE = wholemodule;
				SWIFT_OPTIMIZATION_LEVEL = "-O";
				VALIDATE_PRODUCT = YES;
			};
			name = Release;
		};
		391EFFC02A42344300431BC0 /* Debug */ = {
			isa = XCBuildConfiguration;
			buildSettings = {
				ASSETCATALOG_COMPILER_APPICON_NAME = AppIcon;
				ASSETCATALOG_COMPILER_GLOBAL_ACCENT_COLOR_NAME = AccentColor;
				CODE_SIGN_STYLE = Automatic;
				CURRENT_PROJECT_VERSION = 1;
				DEVELOPMENT_ASSET_PATHS = "\"tca-issue/Preview Content\"";
				DEVELOPMENT_TEAM = UAT6W6PV8T;
				ENABLE_PREVIEWS = YES;
				GENERATE_INFOPLIST_FILE = YES;
				INFOPLIST_KEY_UIApplicationSceneManifest_Generation = YES;
				INFOPLIST_KEY_UIApplicationSupportsIndirectInputEvents = YES;
				INFOPLIST_KEY_UILaunchScreen_Generation = YES;
				INFOPLIST_KEY_UISupportedInterfaceOrientations_iPad = "UIInterfaceOrientationPortrait UIInterfaceOrientationPortraitUpsideDown UIInterfaceOrientationLandscapeLeft UIInterfaceOrientationLandscapeRight";
				INFOPLIST_KEY_UISupportedInterfaceOrientations_iPhone = "UIInterfaceOrientationPortrait UIInterfaceOrientationLandscapeLeft UIInterfaceOrientationLandscapeRight";
				LD_RUNPATH_SEARCH_PATHS = (
					"$(inherited)",
					"@executable_path/Frameworks",
				);
				MARKETING_VERSION = 1.0;
				PRODUCT_BUNDLE_IDENTIFIER = "com.dansinclair.tca-issue";
				PRODUCT_NAME = "$(TARGET_NAME)";
				SWIFT_EMIT_LOC_STRINGS = YES;
				SWIFT_VERSION = 5.0;
				TARGETED_DEVICE_FAMILY = "1,2";
			};
			name = Debug;
		};
		391EFFC12A42344300431BC0 /* Release */ = {
			isa = XCBuildConfiguration;
			buildSettings = {
				ASSETCATALOG_COMPILER_APPICON_NAME = AppIcon;
				ASSETCATALOG_COMPILER_GLOBAL_ACCENT_COLOR_NAME = AccentColor;
				CODE_SIGN_STYLE = Automatic;
				CURRENT_PROJECT_VERSION = 1;
				DEVELOPMENT_ASSET_PATHS = "\"tca-issue/Preview Content\"";
				DEVELOPMENT_TEAM = UAT6W6PV8T;
				ENABLE_PREVIEWS = YES;
				GENERATE_INFOPLIST_FILE = YES;
				INFOPLIST_KEY_UIApplicationSceneManifest_Generation = YES;
				INFOPLIST_KEY_UIApplicationSupportsIndirectInputEvents = YES;
				INFOPLIST_KEY_UILaunchScreen_Generation = YES;
				INFOPLIST_KEY_UISupportedInterfaceOrientations_iPad = "UIInterfaceOrientationPortrait UIInterfaceOrientationPortraitUpsideDown UIInterfaceOrientationLandscapeLeft UIInterfaceOrientationLandscapeRight";
				INFOPLIST_KEY_UISupportedInterfaceOrientations_iPhone = "UIInterfaceOrientationPortrait UIInterfaceOrientationLandscapeLeft UIInterfaceOrientationLandscapeRight";
				LD_RUNPATH_SEARCH_PATHS = (
					"$(inherited)",
					"@executable_path/Frameworks",
				);
				MARKETING_VERSION = 1.0;
				PRODUCT_BUNDLE_IDENTIFIER = "com.dansinclair.tca-issue";
				PRODUCT_NAME = "$(TARGET_NAME)";
				SWIFT_EMIT_LOC_STRINGS = YES;
				SWIFT_VERSION = 5.0;
				TARGETED_DEVICE_FAMILY = "1,2";
			};
			name = Release;
		};
/* End XCBuildConfiguration section */

/* Begin XCConfigurationList section */
		391EFFAC2A42344100431BC0 /* Build configuration list for PBXProject "tca-issue" */ = {
			isa = XCConfigurationList;
			buildConfigurations = (
				391EFFBD2A42344300431BC0 /* Debug */,
				391EFFBE2A42344300431BC0 /* Release */,
			);
			defaultConfigurationIsVisible = 0;
			defaultConfigurationName = Release;
		};
		391EFFBF2A42344300431BC0 /* Build configuration list for PBXNativeTarget "tca-issue" */ = {
			isa = XCConfigurationList;
			buildConfigurations = (
				391EFFC02A42344300431BC0 /* Debug */,
				391EFFC12A42344300431BC0 /* Release */,
			);
			defaultConfigurationIsVisible = 0;
			defaultConfigurationName = Release;
		};
/* End XCConfigurationList section */

/* Begin XCRemoteSwiftPackageReference section */
		391EFFC22A42351400431BC0 /* XCRemoteSwiftPackageReference "swift-composable-architecture" */ = {
			isa = XCRemoteSwiftPackageReference;
			repositoryURL = "https://github.com/pointfreeco/swift-composable-architecture";
			requirement = {
				kind = upToNextMajorVersion;
				minimumVersion = 0.54.1;
			};
		};
/* End XCRemoteSwiftPackageReference section */

/* Begin XCSwiftPackageProductDependency section */
		391EFFC32A42351400431BC0 /* ComposableArchitecture */ = {
			isa = XCSwiftPackageProductDependency;
			package = 391EFFC22A42351400431BC0 /* XCRemoteSwiftPackageReference "swift-composable-architecture" */;
			productName = ComposableArchitecture;
		};
/* End XCSwiftPackageProductDependency section */
	};
	rootObject = 391EFFA92A42344100431BC0 /* Project object */;
}
